Microsoft Visual Studio Solution File, Format Version 12.00
# Visual Studio Version 17
VisualStudioVersion = 17.5.2.0
MinimumVisualStudioVersion = 10.0.40219.1
Project("{FAE04EC0-301F-11D3-BF4B-00C04F79EFBC}") = "LogosAPI", "LogosAPI\LogosAPI.csproj", "{AC2EE927-B227-41D2-94C1-7C0DE55338F0}"
EndProject
Project("{FAE04EC0-301F-11D3-BF4B-00C04F79EFBC}") = "LogosAPI.Tests", "LogosAPI.Tests\LogosAPI.Tests.csproj", "{C45CEA68-DDCC-6F1F-E8F2-FD926808530A}"
EndProject
Global
	GlobalSection(SolutionConfigurationPlatforms) = preSolution
		Debug|Any CPU = Debug|Any CPU
		Release|Any CPU = Release|Any CPU
	EndGlobalSection
	GlobalSection(ProjectConfigurationPlatforms) = postSolution
		{AC2EE927-B227-41D2-94C1-7C0DE55338F0}.Debug|Any CPU.ActiveCfg = Debug|Any CPU
		{AC2EE927-B227-41D2-94C1-7C0DE55338F0}.Debug|Any CPU.Build.0 = Debug|Any CPU
		{AC2EE927-B227-41D2-94C1-7C0DE55338F0}.Release|Any CPU.ActiveCfg = Release|Any CPU
		{AC2EE927-B227-41D2-94C1-7C0DE55338F0}.Release|Any CPU.Build.0 = Release|Any CPU
		{C45CEA68-DDCC-6F1F-E8F2-FD926808530A}.Debug|Any CPU.ActiveCfg = Debug|Any CPU
		{C45CEA68-DDCC-6F1F-E8F2-FD926808530A}.Debug|Any CPU.Build.0 = Debug|Any CPU
		{C45CEA68-DDCC-6F1F-E8F2-FD926808530A}.Release|Any CPU.ActiveCfg = Release|Any CPU
		{C45CEA68-DDCC-6F1F-E8F2-FD926808530A}.Release|Any CPU.Build.0 = Release|Any CPU
	EndGlobalSection
	GlobalSection(SolutionProperties) = preSolution
		HideSolutionNode = FALSE
	EndGlobalSection
	GlobalSection(ExtensibilityGlobals) = postSolution
		SolutionGuid = {C14EB0FE-D0BF-42EB-B22B-CFDCD3819287}
	EndGlobalSection
EndGlobal
